
Microsoft Visual Studio Solution File, Format Version 12.00
# Visual Studio 15
VisualStudioVersion = 15.0.26124.0
MinimumVisualStudioVersion = 15.0.26124.0
Project("{2150E333-8FDC-42A3-9474-1A3956D46DE8}") = "src", "src", "{18B9A9C4-8138-4AB7-9144-26C1D5F11261}"
EndProject
Project("{FAE04EC0-301F-11D3-BF4B-00C04F79EFBC}") = "IdentityProvider", "src\IdentityProvider\IdentityProvider.csproj", "{FF77B292-1B8C-4DFC-9E47-2BDBD627A179}"
EndProject
Project("{FAE04EC0-301F-11D3-BF4B-00C04F79EFBC}") = "ConsoleClient", "src\ConsoleClient\ConsoleClient.csproj", "{B4C7AEAE-82F4-49BC-8A4A-30A31D05DA2D}"
EndProject
Project("{FAE04EC0-301F-11D3-BF4B-00C04F79EFBC}") = "ApiResource", "src\ApiResource\ApiResource.csproj", "{E4BB7C63-6690-4640-A8EE-60563B7423B3}"
EndProject
Project("{FAE04EC0-301F-11D3-BF4B-00C04F79EFBC}") = "IdentityResourceClient", "src\IdentityResourceClient\IdentityResourceClient.csproj", "{5AF6E20A-05CE-46E1-95CD-5D37C588E745}"
EndProject
Global
	GlobalSection(SolutionConfigurationPlatforms) = preSolution
		Debug|Any CPU = Debug|Any CPU
		Debug|x64 = Debug|x64
		Debug|x86 = Debug|x86
		Release|Any CPU = Release|Any CPU
		Release|x64 = Release|x64
		Release|x86 = Release|x86
	EndGlobalSection
	GlobalSection(SolutionProperties) = preSolution
		HideSolutionNode = FALSE
	EndGlobalSection
	GlobalSection(ProjectConfigurationPlatforms) = postSolution
		{FF77B292-1B8C-4DFC-9E47-2BDBD627A179}.Debug|Any CPU.ActiveCfg = Debug|Any CPU
		{FF77B292-1B8C-4DFC-9E47-2BDBD627A179}.Debug|Any CPU.Build.0 = Debug|Any CPU
		{FF77B292-1B8C-4DFC-9E47-2BDBD627A179}.Debug|x64.ActiveCfg = Debug|Any CPU
		{FF77B292-1B8C-4DFC-9E47-2BDBD627A179}.Debug|x64.Build.0 = Debug|Any CPU
		{FF77B292-1B8C-4DFC-9E47-2BDBD627A179}.Debug|x86.ActiveCfg = Debug|Any CPU
		{FF77B292-1B8C-4DFC-9E47-2BDBD627A179}.Debug|x86.Build.0 = Debug|Any CPU
		{FF77B292-1B8C-4DFC-9E47-2BDBD627A179}.Release|Any CPU.ActiveCfg = Release|Any CPU
		{FF77B292-1B8C-4DFC-9E47-2BDBD627A179}.Release|Any CPU.Build.0 = Release|Any CPU
		{FF77B292-1B8C-4DFC-9E47-2BDBD627A179}.Release|x64.ActiveCfg = Release|Any CPU
		{FF77B292-1B8C-4DFC-9E47-2BDBD627A179}.Release|x64.Build.0 = Release|Any CPU
		{FF77B292-1B8C-4DFC-9E47-2BDBD627A179}.Release|x86.ActiveCfg = Release|Any CPU
		{FF77B292-1B8C-4DFC-9E47-2BDBD627A179}.Release|x86.Build.0 = Release|Any CPU
		{B4C7AEAE-82F4-49BC-8A4A-30A31D05DA2D}.Debug|Any CPU.ActiveCfg = Debug|Any CPU
		{B4C7AEAE-82F4-49BC-8A4A-30A31D05DA2D}.Debug|Any CPU.Build.0 = Debug|Any CPU
		{B4C7AEAE-82F4-49BC-8A4A-30A31D05DA2D}.Debug|x64.ActiveCfg = Debug|Any CPU
		{B4C7AEAE-82F4-49BC-8A4A-30A31D05DA2D}.Debug|x64.Build.0 = Debug|Any CPU
		{B4C7AEAE-82F4-49BC-8A4A-30A31D05DA2D}.Debug|x86.ActiveCfg = Debug|Any CPU
		{B4C7AEAE-82F4-49BC-8A4A-30A31D05DA2D}.Debug|x86.Build.0 = Debug|Any CPU
		{B4C7AEAE-82F4-49BC-8A4A-30A31D05DA2D}.Release|Any CPU.ActiveCfg = Release|Any CPU
		{B4C7AEAE-82F4-49BC-8A4A-30A31D05DA2D}.Release|Any CPU.Build.0 = Release|Any CPU
		{B4C7AEAE-82F4-49BC-8A4A-30A31D05DA2D}.Release|x64.ActiveCfg = Release|Any CPU
		{B4C7AEAE-82F4-49BC-8A4A-30A31D05DA2D}.Release|x64.Build.0 = Release|Any CPU
		{B4C7AEAE-82F4-49BC-8A4A-30A31D05DA2D}.Release|x86.ActiveCfg = Release|Any CPU
		{B4C7AEAE-82F4-49BC-8A4A-30A31D05DA2D}.Release|x86.Build.0 = Release|Any CPU
		{E4BB7C63-6690-4640-A8EE-60563B7423B3}.Debug|Any CPU.ActiveCfg = Debug|Any CPU
		{E4BB7C63-6690-4640-A8EE-60563B7423B3}.Debug|Any CPU.Build.0 = Debug|Any CPU
		{E4BB7C63-6690-4640-A8EE-60563B7423B3}.Debug|x64.ActiveCfg = Debug|Any CPU
		{E4BB7C63-6690-4640-A8EE-60563B7423B3}.Debug|x64.Build.0 = Debug|Any CPU
		{E4BB7C63-6690-4640-A8EE-60563B7423B3}.Debug|x86.ActiveCfg = Debug|Any CPU
		{E4BB7C63-6690-4640-A8EE-60563B7423B3}.Debug|x86.Build.0 = Debug|Any CPU
		{E4BB7C63-6690-4640-A8EE-60563B7423B3}.Release|Any CPU.ActiveCfg = Release|Any CPU
		{E4BB7C63-6690-4640-A8EE-60563B7423B3}.Release|Any CPU.Build.0 = Release|Any CPU
		{E4BB7C63-6690-4640-A8EE-60563B7423B3}.Release|x64.ActiveCfg = Release|Any CPU
		{E4BB7C63-6690-4640-A8EE-60563B7423B3}.Release|x64.Build.0 = Release|Any CPU
		{E4BB7C63-6690-4640-A8EE-60563B7423B3}.Release|x86.ActiveCfg = Release|Any CPU
		{E4BB7C63-6690-4640-A8EE-60563B7423B3}.Release|x86.Build.0 = Release|Any CPU
		{5AF6E20A-05CE-46E1-95CD-5D37C588E745}.Debug|Any CPU.ActiveCfg = Debug|Any CPU
		{5AF6E20A-05CE-46E1-95CD-5D37C588E745}.Debug|Any CPU.Build.0 = Debug|Any CPU
		{5AF6E20A-05CE-46E1-95CD-5D37C588E745}.Debug|x64.ActiveCfg = Debug|Any CPU
		{5AF6E20A-05CE-46E1-95CD-5D37C588E745}.Debug|x64.Build.0 = Debug|Any CPU
		{5AF6E20A-05CE-46E1-95CD-5D37C588E745}.Debug|x86.ActiveCfg = Debug|Any CPU
		{5AF6E20A-05CE-46E1-95CD-5D37C588E745}.Debug|x86.Build.0 = Debug|Any CPU
		{5AF6E20A-05CE-46E1-95CD-5D37C588E745}.Release|Any CPU.ActiveCfg = Release|Any CPU
		{5AF6E20A-05CE-46E1-95CD-5D37C588E745}.Release|Any CPU.Build.0 = Release|Any CPU
		{5AF6E20A-05CE-46E1-95CD-5D37C588E745}.Release|x64.ActiveCfg = Release|Any CPU
		{5AF6E20A-05CE-46E1-95CD-5D37C588E745}.Release|x64.Build.0 = Release|Any CPU
		{5AF6E20A-05CE-46E1-95CD-5D37C588E745}.Release|x86.ActiveCfg = Release|Any CPU
		{5AF6E20A-05CE-46E1-95CD-5D37C588E745}.Release|x86.Build.0 = Release|Any CPU
	EndGlobalSection
	GlobalSection(NestedProjects) = preSolution
		{FF77B292-1B8C-4DFC-9E47-2BDBD627A179} = {18B9A9C4-8138-4AB7-9144-26C1D5F11261}
		{B4C7AEAE-82F4-49BC-8A4A-30A31D05DA2D} = {18B9A9C4-8138-4AB7-9144-26C1D5F11261}
		{E4BB7C63-6690-4640-A8EE-60563B7423B3} = {18B9A9C4-8138-4AB7-9144-26C1D5F11261}
		{5AF6E20A-05CE-46E1-95CD-5D37C588E745} = {18B9A9C4-8138-4AB7-9144-26C1D5F11261}
	EndGlobalSection
EndGlobal
